
Microsoft Visual Studio Solution File, Format Version 12.00
# Visual Studio Version 17
VisualStudioVersion = 17.9.34701.34
MinimumVisualStudioVersion = 10.0.40219.1
Project("{FAE04EC0-301F-11D3-BF4B-00C04F79EFBC}") = "homework", "homework\homework.csproj", "{13988EC5-348C-4BA9-A437-50CBDA52C4DA}"
EndProject
Global
	GlobalSection(SolutionConfigurationPlatforms) = preSolution
		Debug|Any CPU = Debug|Any CPU
		Release|Any CPU = Release|Any CPU
	EndGlobalSection
	GlobalSection(ProjectConfigurationPlatforms) = postSolution
		{13988EC5-348C-4BA9-A437-50CBDA52C4DA}.Debug|Any CPU.ActiveCfg = Debug|Any CPU
		{13988EC5-348C-4BA9-A437-50CBDA52C4DA}.Debug|Any CPU.Build.0 = Debug|Any CPU
		{13988EC5-348C-4BA9-A437-50CBDA52C4DA}.Release|Any CPU.ActiveCfg = Release|Any CPU
		{13988EC5-348C-4BA9-A437-50CBDA52C4DA}.Release|Any CPU.Build.0 = Release|Any CPU
	EndGlobalSection
	GlobalSection(SolutionProperties) = preSolution
		HideSolutionNode = FALSE
	EndGlobalSection
	GlobalSection(ExtensibilityGlobals) = postSolution
		SolutionGuid = {0DFAC877-9E81-45C8-B94D-D5985C68A692}
	EndGlobalSection
EndGlobal
